{
  "version": 4,
  "terraform_version": "1.11.4",
  "serial": 11,
  "lineage": "a470d4b2-abea-154d-36da-43fc6373757c",
  "outputs": {
    "public_ip": {
      "value": "3.129.89.134",
      "type": "string"
    }
  },
  "resources": [
    {
      "mode": "data",
      "type": "aws_vpc",
      "name": "default",
      "provider": "provider[\"registry.terraform.io/hashicorp/aws\"]",
      "instances": [
        {
          "schema_version": 0,
          "attributes": {
            "arn": "arn:aws:ec2:us-east-2:417883046135:vpc/vpc-0bf6c84eded3166e0",
            "cidr_block": "172.31.0.0/16",
            "cidr_block_associations": [
              {
                "association_id": "vpc-cidr-assoc-00bd85ef2be246701",
                "cidr_block": "172.31.0.0/16",
                "state": "associated"
              }
            ],
            "default": true,
            "dhcp_options_id": "dopt-0bf9869ff5a9afa50",
            "enable_dns_hostnames": true,
            "enable_dns_support": true,
            "enable_network_address_usage_metrics": false,
            "filter": null,
            "id": "vpc-0bf6c84eded3166e0",
            "instance_tenancy": "default",
            "ipv6_association_id": "",
            "ipv6_cidr_block": "",
            "main_route_table_id": "rtb-098a6e9ea8ac2df0f",
            "owner_id": "417883046135",
            "state": null,
            "tags": {},
            "timeouts": null
          },
          "sensitive_attributes": []
        }
      ]
    },
    {
      "mode": "managed",
      "type": "aws_instance",
      "name": "notiboard_backend",
      "provider": "provider[\"registry.terraform.io/hashicorp/aws\"]",
      "instances": [
        {
          "schema_version": 1,
          "attributes": {
            "ami": "ami-024e6efaf93d85776",
            "arn": "arn:aws:ec2:us-east-2:417883046135:instance/i-0232dd3d2f1973dd3",
            "associate_public_ip_address": true,
            "availability_zone": "us-east-2b",
            "capacity_reservation_specification": [
              {
                "capacity_reservation_preference": "open",
                "capacity_reservation_target": []
              }
            ],
            "cpu_core_count": 1,
            "cpu_options": [
              {
                "amd_sev_snp": "",
                "core_count": 1,
                "threads_per_core": 2
              }
            ],
            "cpu_threads_per_core": 2,
            "credit_specification": [
              {
                "cpu_credits": "unlimited"
              }
            ],
            "disable_api_stop": false,
            "disable_api_termination": false,
            "ebs_block_device": [],
            "ebs_optimized": false,
            "enable_primary_ipv6": null,
            "enclave_options": [
              {
                "enabled": false
              }
            ],
            "ephemeral_block_device": [],
            "get_password_data": false,
            "hibernation": false,
            "host_id": "",
            "host_resource_group_arn": null,
            "iam_instance_profile": "",
            "id": "i-0232dd3d2f1973dd3",
            "instance_initiated_shutdown_behavior": "stop",
            "instance_lifecycle": "",
            "instance_market_options": [],
            "instance_state": "running",
            "instance_type": "t3.micro",
            "ipv6_address_count": 0,
            "ipv6_addresses": [],
            "key_name": "notiboard-key",
            "launch_template": [],
            "maintenance_options": [
              {
                "auto_recovery": "default"
              }
            ],
            "metadata_options": [
              {
                "http_endpoint": "enabled",
                "http_protocol_ipv6": "disabled",
                "http_put_response_hop_limit": 1,
                "http_tokens": "optional",
                "instance_metadata_tags": "disabled"
              }
            ],
            "monitoring": false,
            "network_interface": [],
            "outpost_arn": "",
            "password_data": "",
            "placement_group": "",
            "placement_partition_number": 0,
            "primary_network_interface_id": "eni-04ed1831d9a9ef225",
            "private_dns": "ip-172-31-21-23.us-east-2.compute.internal",
            "private_dns_name_options": [
              {
                "enable_resource_name_dns_a_record": false,
                "enable_resource_name_dns_aaaa_record": false,
                "hostname_type": "ip-name"
              }
            ],
            "private_ip": "172.31.21.23",
            "public_dns": "ec2-3-129-89-134.us-east-2.compute.amazonaws.com",
            "public_ip": "3.129.89.134",
            "root_block_device": [
              {
                "delete_on_termination": true,
                "device_name": "/dev/sda1",
                "encrypted": false,
                "iops": 100,
                "kms_key_id": "",
                "tags": {},
                "tags_all": {},
                "throughput": 0,
                "volume_id": "vol-0f40869bd9f217b4b",
                "volume_size": 8,
                "volume_type": "gp2"
              }
            ],
            "secondary_private_ips": [],
            "security_groups": [
              "notiboard-sg"
            ],
            "source_dest_check": true,
            "spot_instance_request_id": "",
            "subnet_id": "subnet-0a101ec2deac96f41",
            "tags": {
              "Name": "NotiBoard-Backend"
            },
            "tags_all": {
              "Name": "NotiBoard-Backend"
            },
            "tenancy": "default",
            "timeouts": null,
            "user_data": "03e84b859e56a05a3b0e65aa43777b924fa5dd79",
            "user_data_base64": null,
            "user_data_replace_on_change": false,
            "volume_tags": null,
            "vpc_security_group_ids": [
              "sg-014d92aa3f41cc09c"
            ]
          },
          "sensitive_attributes": [],
          "private": "eyJlMmJmYjczMC1lY2FhLTExZTYtOGY4OC0zNDM2M2JjN2M0YzAiOnsiY3JlYXRlIjo2MDAwMDAwMDAwMDAsImRlbGV0ZSI6MTIwMDAwMDAwMDAwMCwicmVhZCI6OTAwMDAwMDAwMDAwLCJ1cGRhdGUiOjYwMDAwMDAwMDAwMH0sInNjaGVtYV92ZXJzaW9uIjoiMSJ9",
          "dependencies": [
            "aws_key_pair.notiboard_key",
            "aws_security_group.notiboard_sg",
            "data.aws_vpc.default"
          ]
        }
      ]
    },
    {
      "mode": "managed",
      "type": "aws_key_pair",
      "name": "notiboard_key",
      "provider": "provider[\"registry.terraform.io/hashicorp/aws\"]",
      "instances": [
        {
          "schema_version": 1,
          "attributes": {
            "arn": "arn:aws:ec2:us-east-2:417883046135:key-pair/notiboard-key",
            "fingerprint": "b5:3e:fd:48:66:20:6e:ff:57:a2:24:41:97:36:a2:5e",
            "id": "notiboard-key",
            "key_name": "notiboard-key",
            "key_name_prefix": "",
            "key_pair_id": "key-0025810df45015a92",
            "key_type": "rsa",
            "public_key": "ssh-rsa AAAAB3NzaC1yc2EAAAADAQABAAACAQDFyv0zWDK+ZM0/xdN75yLX8Yrb8n29ZBOZiO3tBscNsJo+cws56n28P2GUPkvEMz0IFse1LNHG7vRhO8bt31HTX+C4jEKTcMQptaD8PeppM4+tKVLXxb//US3iuugYYbQGQpiGIvuaznST/lD7u1CLasXM0upKXoSu5d5Yq649ZqaLXLt8npOs4exel2xslPGxSixgfnYZ27fb0VrclBK58VszHx6JzzCc1zZudfq4rSPuHZIqK2U7Bd+oDFXkkLQd2zIDDjRxutBDfc7juRPbs+R7rXP9l0V4z5rhFvj7r+bazCTeQmKVMVKYpi2HtA3oAypQyG0SDnI25dKidXqcqjVvFtGbOXGracg75KwmkgTxh/k4SuvT//Q5GFryev8uFih51lvcqcRbgIPqF6BjGrIXEqYGFwj3b86C8+Ky/l1omS2A71RX1louv9AanOMcHoExWta069Y68CMg6q0ETjyrGlMYDqsPqZxS8/+uPL/6v+wUMaNpN93qTd2YL3QCsOicbtYgF+5m62d5SWJ8wIN7729j2nVfxjBCKkF4YCJmF20V4oVHFceoYOEUNVvINMtqj8J8Ou0r3bkErNaLcw3pM0/IjRA4yDURGXL8po0bDqiCDNdtAw5xWwxtK4dsoQ50NjZ6w7KT8atynDf8nZALF/b3kCcyrW3vNVeTiw== surabhisunil@Surabhis-MacBook-Air.local",
            "tags": null,
            "tags_all": {}
          },
          "sensitive_attributes": [],
          "private": "eyJzY2hlbWFfdmVyc2lvbiI6IjEifQ=="
        }
      ]
    },
    {
      "mode": "managed",
      "type": "aws_security_group",
      "name": "notiboard_sg",
      "provider": "provider[\"registry.terraform.io/hashicorp/aws\"]",
      "instances": [
        {
          "schema_version": 1,
          "attributes": {
            "arn": "arn:aws:ec2:us-east-2:417883046135:security-group/sg-014d92aa3f41cc09c",
            "description": "Allow HTTP and Flask",
            "egress": [
              {
                "cidr_blocks": [
                  "0.0.0.0/0"
                ],
                "description": "",
                "from_port": 0,
                "ipv6_cidr_blocks": [],
                "prefix_list_ids": [],
                "protocol": "-1",
                "security_groups": [],
                "self": false,
                "to_port": 0
              }
            ],
            "id": "sg-014d92aa3f41cc09c",
            "ingress": [
              {
                "cidr_blocks": [
                  "0.0.0.0/0"
                ],
                "description": "Flask API",
                "from_port": 5001,
                "ipv6_cidr_blocks": [],
                "prefix_list_ids": [],
                "protocol": "tcp",
                "security_groups": [],
                "self": false,
                "to_port": 5001
              },
              {
                "cidr_blocks": [
                  "0.0.0.0/0"
                ],
                "description": "SSH",
                "from_port": 22,
                "ipv6_cidr_blocks": [],
                "prefix_list_ids": [],
                "protocol": "tcp",
                "security_groups": [],
                "self": false,
                "to_port": 22
              }
            ],
            "name": "notiboard-sg",
            "name_prefix": "",
            "owner_id": "417883046135",
            "revoke_rules_on_delete": false,
            "tags": {},
            "tags_all": {},
            "timeouts": null,
            "vpc_id": "vpc-0bf6c84eded3166e0"
          },
          "sensitive_attributes": [],
          "private": "eyJlMmJmYjczMC1lY2FhLTExZTYtOGY4OC0zNDM2M2JjN2M0YzAiOnsiY3JlYXRlIjo2MDAwMDAwMDAwMDAsImRlbGV0ZSI6OTAwMDAwMDAwMDAwfSwic2NoZW1hX3ZlcnNpb24iOiIxIn0=",
          "dependencies": [
            "data.aws_vpc.default"
          ]
        }
      ]
    }
  ],
  "check_results": null
}
